# THIS IS AN AUTOGENERATED FILE. DO NOT EDIT THIS FILE DIRECTLY.
# yarn lockfile v1


elix@11.0.1:
  version "11.0.1"
  resolved "https://registry.yarnpkg.com/elix/-/elix-11.0.1.tgz#21256da2465af5eee55004902a9bba52c18cdfba"
  integrity sha512-C7Hx4cHYzFyTCT9oTN2s4a1eVVayfC6xEPBrkWQFaYSFAG0bvJPISNagy1EoQvGdDOFIjas6ga/G8UcBUEKmCw==
